
Microsoft Visual Studio Solution File, Format Version 12.00
# Visual Studio 14
VisualStudioVersion = 14.0.25420.1
MinimumVisualStudioVersion = 10.0.40219.1
Project("{FAE04EC0-301F-11D3-BF4B-00C04F79EFBC}") = "ProblemaCatalin", "ProblemaCatalin\ProblemaCatalin.csproj", "{DD22B186-3864-4EAE-9DE1-45B13AE81D34}"
EndProject
Project("{54435603-DBB4-11D2-8724-00A0C9A8B90C}") = "AplicattionDatabase", "AplicattionDatabase\AplicattionDatabase.vdproj", "{158B599F-DDD8-45C8-9A59-F34AFBF3951D}"
EndProject
Global
	GlobalSection(SolutionConfigurationPlatforms) = preSolution
		Debug|Any CPU = Debug|Any CPU
		Release|Any CPU = Release|Any CPU
	EndGlobalSection
	GlobalSection(ProjectConfigurationPlatforms) = postSolution
		{DD22B186-3864-4EAE-9DE1-45B13AE81D34}.Debug|Any CPU.ActiveCfg = Debug|Any CPU
		{DD22B186-3864-4EAE-9DE1-45B13AE81D34}.Debug|Any CPU.Build.0 = Debug|Any CPU
		{DD22B186-3864-4EAE-9DE1-45B13AE81D34}.Release|Any CPU.ActiveCfg = Release|Any CPU
		{DD22B186-3864-4EAE-9DE1-45B13AE81D34}.Release|Any CPU.Build.0 = Release|Any CPU
		{158B599F-DDD8-45C8-9A59-F34AFBF3951D}.Debug|Any CPU.ActiveCfg = Debug
		{158B599F-DDD8-45C8-9A59-F34AFBF3951D}.Release|Any CPU.ActiveCfg = Release
	EndGlobalSection
	GlobalSection(SolutionProperties) = preSolution
		HideSolutionNode = FALSE
	EndGlobalSection
EndGlobal
